// !$*UTF8*$!
{
	archiveVersion = 1;
	classes = {
	};
	objectVersion = 50;
	objects = {

/* Begin PBXBuildFile section */
		C086157F40E7E85D95FD5E06 /* libPods-Dji Drone Automation.a in Frameworks */ = {isa = PBXBuildFile; fileRef = F593E6E12A51E1585A3A4A01 /* libPods-Dji Drone Automation.a */; };
		C41C54602270AF7E00BC4170 /* AppDelegate.swift in Sources */ = {isa = PBXBuildFile; fileRef = C41C545F2270AF7E00BC4170 /* AppDelegate.swift */; };
		C41C54622270AF7E00BC4170 /* ViewControllerMain.swift in Sources */ = {isa = PBXBuildFile; fileRef = C41C54612270AF7E00BC4170 /* ViewControllerMain.swift */; };
		C41C54652270AF7E00BC4170 /* Main.storyboard in Resources */ = {isa = PBXBuildFile; fileRef = C41C54632270AF7E00BC4170 /* Main.storyboard */; };
		C41C54672270AF8000BC4170 /* Assets.xcassets in Resources */ = {isa = PBXBuildFile; fileRef = C41C54662270AF8000BC4170 /* Assets.xcassets */; };
		C41C546A2270AF8000BC4170 /* LaunchScreen.storyboard in Resources */ = {isa = PBXBuildFile; fileRef = C41C54682270AF8000BC4170 /* LaunchScreen.storyboard */; };
		C425613E2270C6CB002BFF43 /* DroneLocationUpdate.swift in Sources */ = {isa = PBXBuildFile; fileRef = C425613D2270C6CB002BFF43 /* DroneLocationUpdate.swift */; };
		C42561432270CB42002BFF43 /* Annotation.swift in Sources */ = {isa = PBXBuildFile; fileRef = C42561422270CB42002BFF43 /* Annotation.swift */; };
		C431FCBE2278A68800E8B2FA /* File.swift in Sources */ = {isa = PBXBuildFile; fileRef = C431FCBD2278A68800E8B2FA /* File.swift */; };
		C48497182272219D00B7D12D /* GoogleService-Info.plist in Resources */ = {isa = PBXBuildFile; fileRef = C48497172272219D00B7D12D /* GoogleService-Info.plist */; };
		C4DC35252270DA6E0040F7C0 /* AutomatedMission.swift in Sources */ = {isa = PBXBuildFile; fileRef = C4DC35242270DA6E0040F7C0 /* AutomatedMission.swift */; };
/* End PBXBuildFile section */

/* Begin PBXFileReference section */
		B1E84683485533A504C78355 /* Pods-Dji Drone Automation.debug.xcconfig */ = {isa = PBXFileReference; includeInIndex = 1; lastKnownFileType = text.xcconfig; name = "Pods-Dji Drone Automation.debug.xcconfig"; path = "Target Support Files/Pods-Dji Drone Automation/Pods-Dji Drone Automation.debug.xcconfig"; sourceTree = "<group>"; };
		C41C545C2270AF7E00BC4170 /* Dji Drone Automation.app */ = {isa = PBXFileReference; explicitFileType = wrapper.application; includeInIndex = 0; path = "Dji Drone Automation.app"; sourceTree = BUILT_PRODUCTS_DIR; };
		C41C545F2270AF7E00BC4170 /* AppDelegate.swift */ = {isa = PBXFileReference; lastKnownFileType = sourcecode.swift; path = AppDelegate.swift; sourceTree = "<group>"; };
		C41C54612270AF7E00BC4170 /* ViewControllerMain.swift */ = {isa = PBXFileReference; lastKnownFileType = sourcecode.swift; path = ViewControllerMain.swift; sourceTree = "<group>"; };
		C41C54642270AF7E00BC4170 /* Base */ = {isa = PBXFileReference; lastKnownFileType = file.storyboard; name = Base; path = Base.lproj/Main.storyboard; sourceTree = "<group>"; };
		C41C54662270AF8000BC4170 /* Assets.xcassets */ = {isa = PBXFileReference; lastKnownFileType = folder.assetcatalog; path = Assets.xcassets; sourceTree = "<group>"; };
		C41C54692270AF8000BC4170 /* Base */ = {isa = PBXFileReference; lastKnownFileType = file.storyboard; name = Base; path = Base.lproj/LaunchScreen.storyboard; sourceTree = "<group>"; };
		C41C546B2270AF8000BC4170 /* Info.plist */ = {isa = PBXFileReference; lastKnownFileType = text.plist.xml; path = Info.plist; sourceTree = "<group>"; };
		C425613D2270C6CB002BFF43 /* DroneLocationUpdate.swift */ = {isa = PBXFileReference; lastKnownFileType = sourcecode.swift; path = DroneLocationUpdate.swift; sourceTree = "<group>"; };
		C42561422270CB42002BFF43 /* Annotation.swift */ = {isa = PBXFileReference; fileEncoding = 4; lastKnownFileType = sourcecode.swift; path = Annotation.swift; sourceTree = "<group>"; };
		C431FCBD2278A68800E8B2FA /* File.swift */ = {isa = PBXFileReference; lastKnownFileType = sourcecode.swift; path = File.swift; sourceTree = "<group>"; };
		C48497172272219D00B7D12D /* GoogleService-Info.plist */ = {isa = PBXFileReference; fileEncoding = 4; lastKnownFileType = text.plist.xml; path = "GoogleService-Info.plist"; sourceTree = "<group>"; };
		C4DC35242270DA6E0040F7C0 /* AutomatedMission.swift */ = {isa = PBXFileReference; lastKnownFileType = sourcecode.swift; path = AutomatedMission.swift; sourceTree = "<group>"; };
		F593E6E12A51E1585A3A4A01 /* libPods-Dji Drone Automation.a */ = {isa = PBXFileReference; explicitFileType = archive.ar; includeInIndex = 0; path = "libPods-Dji Drone Automation.a"; sourceTree = BUILT_PRODUCTS_DIR; };
		F6A254DB7EAC750B450EF913 /* Pods-Dji Drone Automation.release.xcconfig */ = {isa = PBXFileReference; includeInIndex = 1; lastKnownFileType = text.xcconfig; name = "Pods-Dji Drone Automation.release.xcconfig"; path = "Target Support Files/Pods-Dji Drone Automation/Pods-Dji Drone Automation.release.xcconfig"; sourceTree = "<group>"; };
/* End PBXFileReference section */

/* Begin PBXFrameworksBuildPhase section */
		C41C54592270AF7E00BC4170 /* Frameworks */ = {
			isa = PBXFrameworksBuildPhase;
			buildActionMask = 2147483647;
			files = (
				C086157F40E7E85D95FD5E06 /* libPods-Dji Drone Automation.a in Frameworks */,
			);
			runOnlyForDeploymentPostprocessing = 0;
		};
/* End PBXFrameworksBuildPhase section */

/* Begin PBXGroup section */
		42E42EE1DEBFA48145D79AC0 /* Frameworks */ = {
			isa = PBXGroup;
			children = (
				F593E6E12A51E1585A3A4A01 /* libPods-Dji Drone Automation.a */,
			);
			name = Frameworks;
			sourceTree = "<group>";
		};
		C06533696FA5A8A0E1DEC658 /* Pods */ = {
			isa = PBXGroup;
			children = (
				B1E84683485533A504C78355 /* Pods-Dji Drone Automation.debug.xcconfig */,
				F6A254DB7EAC750B450EF913 /* Pods-Dji Drone Automation.release.xcconfig */,
			);
			path = Pods;
			sourceTree = "<group>";
		};
		C41C54532270AF7E00BC4170 = {
			isa = PBXGroup;
			children = (
				C41C545E2270AF7E00BC4170 /* Dji Drone Automation */,
				C41C545D2270AF7E00BC4170 /* Products */,
				C06533696FA5A8A0E1DEC658 /* Pods */,
				42E42EE1DEBFA48145D79AC0 /* Frameworks */,
			);
			sourceTree = "<group>";
		};
		C41C545D2270AF7E00BC4170 /* Products */ = {
			isa = PBXGroup;
			children = (
				C41C545C2270AF7E00BC4170 /* Dji Drone Automation.app */,
			);
			name = Products;
			sourceTree = "<group>";
		};
		C41C545E2270AF7E00BC4170 /* Dji Drone Automation */ = {
			isa = PBXGroup;
			children = (
				C48497172272219D00B7D12D /* GoogleService-Info.plist */,
				C41C545F2270AF7E00BC4170 /* AppDelegate.swift */,
				C41C54612270AF7E00BC4170 /* ViewControllerMain.swift */,
				C4DC35242270DA6E0040F7C0 /* AutomatedMission.swift */,
				C431FCBD2278A68800E8B2FA /* File.swift */,
				C425613D2270C6CB002BFF43 /* DroneLocationUpdate.swift */,
				C41C54632270AF7E00BC4170 /* Main.storyboard */,
				C41C54662270AF8000BC4170 /* Assets.xcassets */,
				C41C54682270AF8000BC4170 /* LaunchScreen.storyboard */,
				C41C546B2270AF8000BC4170 /* Info.plist */,
				C42561422270CB42002BFF43 /* Annotation.swift */,
			);
			path = "Dji Drone Automation";
			sourceTree = "<group>";
		};
/* End PBXGroup section */

/* Begin PBXNativeTarget section */
		C41C545B2270AF7E00BC4170 /* Dji Drone Automation */ = {
			isa = PBXNativeTarget;
			buildConfigurationList = C41C546E2270AF8000BC4170 /* Build configuration list for PBXNativeTarget "Dji Drone Automation" */;
			buildPhases = (
				34B9F1C6690356F88D326275 /* [CP] Check Pods Manifest.lock */,
				C41C54582270AF7E00BC4170 /* Sources */,
				C41C54592270AF7E00BC4170 /* Frameworks */,
				C41C545A2270AF7E00BC4170 /* Resources */,
				2A318D9D43CD76A220EDD31B /* [CP] Embed Pods Frameworks */,
			);
			buildRules = (
			);
			dependencies = (
			);
			name = "Dji Drone Automation";
			productName = "Dji Drone Automation";
			productReference = C41C545C2270AF7E00BC4170 /* Dji Drone Automation.app */;
			productType = "com.apple.product-type.application";
		};
/* End PBXNativeTarget section */

/* Begin PBXProject section */
		C41C54542270AF7E00BC4170 /* Project object */ = {
			isa = PBXProject;
			attributes = {
				LastSwiftUpdateCheck = 1020;
				LastUpgradeCheck = 1020;
				ORGANIZATIONNAME = "Apoorv Malik";
				TargetAttributes = {
					C41C545B2270AF7E00BC4170 = {
						CreatedOnToolsVersion = 10.2.1;
					};
				};
			};
			buildConfigurationList = C41C54572270AF7E00BC4170 /* Build configuration list for PBXProject "Dji Drone Automation" */;
			compatibilityVersion = "Xcode 9.3";
			developmentRegion = en;
			hasScannedForEncodings = 0;
			knownRegions = (
				en,
				Base,
			);
			mainGroup = C41C54532270AF7E00BC4170;
			productRefGroup = C41C545D2270AF7E00BC4170 /* Products */;
			projectDirPath = "";
			projectRoot = "";
			targets = (
				C41C545B2270AF7E00BC4170 /* Dji Drone Automation */,
			);
		};
/* End PBXProject section */

/* Begin PBXResourcesBuildPhase section */
		C41C545A2270AF7E00BC4170 /* Resources */ = {
			isa = PBXResourcesBuildPhase;
			buildActionMask = 2147483647;
			files = (
				C41C546A2270AF8000BC4170 /* LaunchScreen.storyboard in Resources */,
				C48497182272219D00B7D12D /* GoogleService-Info.plist in Resources */,
				C41C54672270AF8000BC4170 /* Assets.xcassets in Resources */,
				C41C54652270AF7E00BC4170 /* Main.storyboard in Resources */,
			);
			runOnlyForDeploymentPostprocessing = 0;
		};
/* End PBXResourcesBuildPhase section */

/* Begin PBXShellScriptBuildPhase section */
		2A318D9D43CD76A220EDD31B /* [CP] Embed Pods Frameworks */ = {
			isa = PBXShellScriptBuildPhase;
			buildActionMask = 2147483647;
			files = (
			);
			inputFileListPaths = (
			);
			inputPaths = (
				"${PODS_ROOT}/Target Support Files/Pods-Dji Drone Automation/Pods-Dji Drone Automation-frameworks.sh",
				"${PODS_ROOT}/DJI-SDK-iOS/iOS_Mobile_SDK/DJISDK.framework",
			);
			name = "[CP] Embed Pods Frameworks";
			outputFileListPaths = (
			);
			outputPaths = (
				"${TARGET_BUILD_DIR}/${FRAMEWORKS_FOLDER_PATH}/DJISDK.framework",
			);
			runOnlyForDeploymentPostprocessing = 0;
			shellPath = /bin/sh;
			shellScript = "\"${PODS_ROOT}/Target Support Files/Pods-Dji Drone Automation/Pods-Dji Drone Automation-frameworks.sh\"\n";
			showEnvVarsInLog = 0;
		};
		34B9F1C6690356F88D326275 /* [CP] Check Pods Manifest.lock */ = {
			isa = PBXShellScriptBuildPhase;
			buildActionMask = 2147483647;
			files = (
			);
			inputFileListPaths = (
			);
			inputPaths = (
				"${PODS_PODFILE_DIR_PATH}/Podfile.lock",
				"${PODS_ROOT}/Manifest.lock",
			);
			name = "[CP] Check Pods Manifest.lock";
			outputFileListPaths = (
			);
			outputPaths = (
				"$(DERIVED_FILE_DIR)/Pods-Dji Drone Automation-checkManifestLockResult.txt",
			);
			runOnlyForDeploymentPostprocessing = 0;
			shellPath = /bin/sh;
			shellScript = "diff \"${PODS_PODFILE_DIR_PATH}/Podfile.lock\" \"${PODS_ROOT}/Manifest.lock\" > /dev/null\nif [ $? != 0 ] ; then\n    # print error to STDERR\n    echo \"error: The sandbox is not in sync with the Podfile.lock. Run 'pod install' or update your CocoaPods installation.\" >&2\n    exit 1\nfi\n# This output is used by Xcode 'outputs' to avoid re-running this script phase.\necho \"SUCCESS\" > \"${SCRIPT_OUTPUT_FILE_0}\"\n";
			showEnvVarsInLog = 0;
		};
/* End PBXShellScriptBuildPhase section */

/* Begin PBXSourcesBuildPhase section */
		C41C54582270AF7E00BC4170 /* Sources */ = {
			isa = PBXSourcesBuildPhase;
			buildActionMask = 2147483647;
			files = (
				C425613E2270C6CB002BFF43 /* DroneLocationUpdate.swift in Sources */,
				C431FCBE2278A68800E8B2FA /* File.swift in Sources */,
				C41C54622270AF7E00BC4170 /* ViewControllerMain.swift in Sources */,
				C4DC35252270DA6E0040F7C0 /* AutomatedMission.swift in Sources */,
				C42561432270CB42002BFF43 /* Annotation.swift in Sources */,
				C41C54602270AF7E00BC4170 /* AppDelegate.swift in Sources */,
			);
			runOnlyForDeploymentPostprocessing = 0;
		};
/* End PBXSourcesBuildPhase section */

/* Begin PBXVariantGroup section */
		C41C54632270AF7E00BC4170 /* Main.storyboard */ = {
			isa = PBXVariantGroup;
			children = (
				C41C54642270AF7E00BC4170 /* Base */,
			);
			name = Main.storyboard;
			sourceTree = "<group>";
		};
		C41C54682270AF8000BC4170 /* LaunchScreen.storyboard */ = {
			isa = PBXVariantGroup;
			children = (
				C41C54692270AF8000BC4170 /* Base */,
			);
			name = LaunchScreen.storyboard;
			sourceTree = "<group>";
		};
/* End PBXVariantGroup section */

/* Begin XCBuildConfiguration section */
		C41C546C2270AF8000BC4170 /* Debug */ = {
			isa = XCBuildConfiguration;
			buildSettings = {
				ALWAYS_SEARCH_USER_PATHS = NO;
				CLANG_ANALYZER_NONNULL = YES;
				CLANG_ANALYZER_NUMBER_OBJECT_CONVERSION = YES_AGGRESSIVE;
				CLANG_CXX_LANGUAGE_STANDARD = "gnu++14";
				CLANG_CXX_LIBRARY = "libc++";
				CLANG_ENABLE_MODULES = YES;
				CLANG_ENABLE_OBJC_ARC = YES;
				CLANG_ENABLE_OBJC_WEAK = YES;
				CLANG_WARN_BLOCK_CAPTURE_AUTORELEASING = YES;
				CLANG_WARN_BOOL_CONVERSION = YES;
				CLANG_WARN_COMMA = YES;
				CLANG_WARN_CONSTANT_CONVERSION = YES;
				CLANG_WARN_DEPRECATED_OBJC_IMPLEMENTATIONS = YES;
				CLANG_WARN_DIRECT_OBJC_ISA_USAGE = YES_ERROR;
				CLANG_WARN_DOCUMENTATION_COMMENTS = YES;
				CLANG_WARN_EMPTY_BODY = YES;
				CLANG_WARN_ENUM_CONVERSION = YES;
				CLANG_WARN_INFINITE_RECURSION = YES;
				CLANG_WARN_INT_CONVERSION = YES;
				CLANG_WARN_NON_LITERAL_NULL_CONVERSION = YES;
				CLANG_WARN_OBJC_IMPLICIT_RETAIN_SELF = YES;
				CLANG_WARN_OBJC_LITERAL_CONVERSION = YES;
				CLANG_WARN_OBJC_ROOT_CLASS = YES_ERROR;
				CLANG_WARN_RANGE_LOOP_ANALYSIS = YES;
				CLANG_WARN_STRICT_PROTOTYPES = YES;
				CLANG_WARN_SUSPICIOUS_MOVE = YES;
				CLANG_WARN_UNGUARDED_AVAILABILITY = YES_AGGRESSIVE;
				CLANG_WARN_UNREACHABLE_CODE = YES;
				CLANG_WARN__DUPLICATE_METHOD_MATCH = YES;
				CODE_SIGN_IDENTITY = "iPhone Developer";
				COPY_PHASE_STRIP = NO;
				DEBUG_INFORMATION_FORMAT = dwarf;
				ENABLE_STRICT_OBJC_MSGSEND = YES;
				ENABLE_TESTABILITY = YES;
				GCC_C_LANGUAGE_STANDARD = gnu11;
				GCC_DYNAMIC_NO_PIC = NO;
				GCC_NO_COMMON_BLOCKS = YES;
				GCC_OPTIMIZATION_LEVEL = 0;
				GCC_PREPROCESSOR_DEFINITIONS = (
					"DEBUG=1",
					"$(inherited)",
				);
				GCC_WARN_64_TO_32_BIT_CONVERSION = YES;
				GCC_WARN_ABOUT_RETURN_TYPE = YES_ERROR;
				GCC_WARN_UNDECLARED_SELECTOR = YES;
				GCC_WARN_UNINITIALIZED_AUTOS = YES_AGGRESSIVE;
				GCC_WARN_UNUSED_FUNCTION = YES;
				GCC_WARN_UNUSED_VARIABLE = YES;
				IPHONEOS_DEPLOYMENT_TARGET = 12.2;
				MTL_ENABLE_DEBUG_INFO = INCLUDE_SOURCE;
				MTL_FAST_MATH = YES;
				ONLY_ACTIVE_ARCH = YES;
				SDKROOT = iphoneos;
				SWIFT_ACTIVE_COMPILATION_CONDITIONS = DEBUG;
				SWIFT_OPTIMIZATION_LEVEL = "-Onone";
			};
			name = Debug;
		};
		C41C546D2270AF8000BC4170 /* Release */ = {
			isa = XCBuildConfiguration;
			buildSettings = {
				ALWAYS_SEARCH_USER_PATHS = NO;
				CLANG_ANALYZER_NONNULL = YES;
				CLANG_ANALYZER_NUMBER_OBJECT_CONVERSION = YES_AGGRESSIVE;
				CLANG_CXX_LANGUAGE_STANDARD = "gnu++14";
				CLANG_CXX_LIBRARY = "libc++";
				CLANG_ENABLE_MODULES = YES;
				CLANG_ENABLE_OBJC_ARC = YES;
				CLANG_ENABLE_OBJC_WEAK = YES;
				CLANG_WARN_BLOCK_CAPTURE_AUTORELEASING = YES;
				CLANG_WARN_BOOL_CONVERSION = YES;
				CLANG_WARN_COMMA = YES;
				CLANG_WARN_CONSTANT_CONVERSION = YES;
				CLANG_WARN_DEPRECATED_OBJC_IMPLEMENTATIONS = YES;
				CLANG_WARN_DIRECT_OBJC_ISA_USAGE = YES_ERROR;
				CLANG_WARN_DOCUMENTATION_COMMENTS = YES;
				CLANG_WARN_EMPTY_BODY = YES;
				CLANG_WARN_ENUM_CONVERSION = YES;
				CLANG_WARN_INFINITE_RECURSION = YES;
				CLANG_WARN_INT_CONVERSION = YES;
				CLANG_WARN_NON_LITERAL_NULL_CONVERSION = YES;
				CLANG_WARN_OBJC_IMPLICIT_RETAIN_SELF = YES;
				CLANG_WARN_OBJC_LITERAL_CONVERSION = YES;
				CLANG_WARN_OBJC_ROOT_CLASS = YES_ERROR;
				CLANG_WARN_RANGE_LOOP_ANALYSIS = YES;
				CLANG_WARN_STRICT_PROTOTYPES = YES;
				CLANG_WARN_SUSPICIOUS_MOVE = YES;
				CLANG_WARN_UNGUARDED_AVAILABILITY = YES_AGGRESSIVE;
				CLANG_WARN_UNREACHABLE_CODE = YES;
				CLANG_WARN__DUPLICATE_METHOD_MATCH = YES;
				CODE_SIGN_IDENTITY = "iPhone Developer";
				COPY_PHASE_STRIP = NO;
				DEBUG_INFORMATION_FORMAT = "dwarf-with-dsym";
				ENABLE_NS_ASSERTIONS = NO;
				ENABLE_STRICT_OBJC_MSGSEND = YES;
				GCC_C_LANGUAGE_STANDARD = gnu11;
				GCC_NO_COMMON_BLOCKS = YES;
				GCC_WARN_64_TO_32_BIT_CONVERSION = YES;
				GCC_WARN_ABOUT_RETURN_TYPE = YES_ERROR;
				GCC_WARN_UNDECLARED_SELECTOR = YES;
				GCC_WARN_UNINITIALIZED_AUTOS = YES_AGGRESSIVE;
				GCC_WARN_UNUSED_FUNCTION = YES;
				GCC_WARN_UNUSED_VARIABLE = YES;
				IPHONEOS_DEPLOYMENT_TARGET = 12.2;
				MTL_ENABLE_DEBUG_INFO = NO;
				MTL_FAST_MATH = YES;
				SDKROOT = iphoneos;
				SWIFT_COMPILATION_MODE = wholemodule;
				SWIFT_OPTIMIZATION_LEVEL = "-O";
				VALIDATE_PRODUCT = YES;
			};
			name = Release;
		};
		C41C546F2270AF8000BC4170 /* Debug */ = {
			isa = XCBuildConfiguration;
			baseConfigurationReference = B1E84683485533A504C78355 /* Pods-Dji Drone Automation.debug.xcconfig */;
			buildSettings = {
				ASSETCATALOG_COMPILER_APPICON_NAME = AppIcon;
				CODE_SIGN_STYLE = Automatic;
				DEVELOPMENT_TEAM = WYT92583F4;
				ENABLE_BITCODE = NO;
				HEADER_SEARCH_PATHS = (
					"$(inherited)",
					"\"${PODS_ROOT}/Headers/Public\"",
				);
				INFOPLIST_FILE = "Dji Drone Automation/Info.plist";
				LD_RUNPATH_SEARCH_PATHS = (
					"$(inherited)",
					"@executable_path/Frameworks",
				);
				PRODUCT_BUNDLE_IDENTIFIER = "com.1998apoorvmalik.Dji-Drone-Automation";
				PRODUCT_NAME = "$(TARGET_NAME)";
				SWIFT_VERSION = 5.0;
				TARGETED_DEVICE_FAMILY = 1;
			};
			name = Debug;
		};
		C41C54702270AF8000BC4170 /* Release */ = {
			isa = XCBuildConfiguration;
			baseConfigurationReference = F6A254DB7EAC750B450EF913 /* Pods-Dji Drone Automation.release.xcconfig */;
			buildSettings = {
				ASSETCATALOG_COMPILER_APPICON_NAME = AppIcon;
				CODE_SIGN_STYLE = Automatic;
				DEVELOPMENT_TEAM = WYT92583F4;
				ENABLE_BITCODE = NO;
				HEADER_SEARCH_PATHS = (
					"$(inherited)",
					"\"${PODS_ROOT}/Headers/Public\"",
				);
				INFOPLIST_FILE = "Dji Drone Automation/Info.plist";
				LD_RUNPATH_SEARCH_PATHS = (
					"$(inherited)",
					"@executable_path/Frameworks",
				);
				PRODUCT_BUNDLE_IDENTIFIER = "com.1998apoorvmalik.Dji-Drone-Automation";
				PRODUCT_NAME = "$(TARGET_NAME)";
				SWIFT_VERSION = 5.0;
				TARGETED_DEVICE_FAMILY = 1;
			};
			name = Release;
		};
/* End XCBuildConfiguration section */

/* Begin XCConfigurationList section */
		C41C54572270AF7E00BC4170 /* Build configuration list for PBXProject "Dji Drone Automation" */ = {
			isa = XCConfigurationList;
			buildConfigurations = (
				C41C546C2270AF8000BC4170 /* Debug */,
				C41C546D2270AF8000BC4170 /* Release */,
			);
			defaultConfigurationIsVisible = 0;
			defaultConfigurationName = Release;
		};
		C41C546E2270AF8000BC4170 /* Build configuration list for PBXNativeTarget "Dji Drone Automation" */ = {
			isa = XCConfigurationList;
			buildConfigurations = (
				C41C546F2270AF8000BC4170 /* Debug */,
				C41C54702270AF8000BC4170 /* Release */,
			);
			defaultConfigurationIsVisible = 0;
			defaultConfigurationName = Release;
		};
/* End XCConfigurationList section */
	};
	rootObject = C41C54542270AF7E00BC4170 /* Project object */;
}
